Microsoft Visual Studio Solution File, Format Version 12.00
# Visual Studio Version 17
VisualStudioVersion = 17.5.2.0
MinimumVisualStudioVersion = 10.0.40219.1
Project("{2150E333-8FDC-42A3-9474-1A3956D46DE8}") = "data", "data", "{015FE221-96B2-289B-A0E8-6E7354784A75}"
EndProject
Project("{2150E333-8FDC-42A3-9474-1A3956D46DE8}") = "aws-lambda-developer-guide-main", "aws-lambda-developer-guide-main", "{D02B00E7-9FB8-DC4E-E4A7-7CE914CB2EF4}"
EndProject
Project("{2150E333-8FDC-42A3-9474-1A3956D46DE8}") = "sample-apps", "sample-apps", "{156ECDB0-5EA1-FE08-10B8-FA3BFD35EB64}"
EndProject
Project("{2150E333-8FDC-42A3-9474-1A3956D46DE8}") = "blank-csharp", "blank-csharp", "{9D23A711-437E-1F0E-1733-95341FCB2583}"
EndProject
Project("{2150E333-8FDC-42A3-9474-1A3956D46DE8}") = "src", "src", "{B2A91749-207F-3830-5CB2-9E096AEDAD75}"
EndProject
Project("{FAE04EC0-301F-11D3-BF4B-00C04F79EFBC}") = "blank-csharp", "data\aws-lambda-developer-guide-main\sample-apps\blank-csharp\src\blank-csharp\blank-csharp.csproj", "{6571BAC7-40A3-75F8-5CDE-155DCB83ADC0}"
EndProject
Project("{2150E333-8FDC-42A3-9474-1A3956D46DE8}") = "test", "test", "{66804B23-D90B-DE55-2460-1309FF40F37B}"
EndProject
Project("{FAE04EC0-301F-11D3-BF4B-00C04F79EFBC}") = "blank-csharp.Tests", "data\aws-lambda-developer-guide-main\sample-apps\blank-csharp\test\blank-csharp.Tests\blank-csharp.Tests.csproj", "{7CE3C6D2-84C3-1777-C30C-7C7779DE1062}"
EndProject
Project("{2150E333-8FDC-42A3-9474-1A3956D46DE8}") = "blank-csharp-with-layer", "blank-csharp-with-layer", "{251B465B-8535-0FBC-6248-0EC1A8424577}"
EndProject
Project("{2150E333-8FDC-42A3-9474-1A3956D46DE8}") = "src", "src", "{01305DA2-0EA2-C33F-A061-D3D9EB5E2383}"
EndProject
Project("{FAE04EC0-301F-11D3-BF4B-00C04F79EFBC}") = "blank-csharp", "data\aws-lambda-developer-guide-main\sample-apps\blank-csharp-with-layer\src\blank-csharp\blank-csharp.csproj", "{87402E71-B56C-9284-23E1-8CA1B9AC9D85}"
EndProject
Project("{2150E333-8FDC-42A3-9474-1A3956D46DE8}") = "test", "test", "{B9AFB1A0-CBC4-4C77-4FE4-BBD199BEA420}"
EndProject
Project("{FAE04EC0-301F-11D3-BF4B-00C04F79EFBC}") = "blank-csharp.Tests", "data\aws-lambda-developer-guide-main\sample-apps\blank-csharp-with-layer\test\blank-csharp.Tests\blank-csharp.Tests.csproj", "{60DF8E86-8FF6-527F-33BB-C610EAE9D565}"
EndProject
Project("{2150E333-8FDC-42A3-9474-1A3956D46DE8}") = "ec2-spot", "ec2-spot", "{9768DF71-57B7-0187-9393-5D62D2225AFF}"
EndProject
Project("{2150E333-8FDC-42A3-9474-1A3956D46DE8}") = "src", "src", "{735F480E-0A94-065B-FBE8-AFA5BCE0845D}"
EndProject
Project("{FAE04EC0-301F-11D3-BF4B-00C04F79EFBC}") = "ec2spot", "data\aws-lambda-developer-guide-main\sample-apps\ec2-spot\src\ec2spot\ec2spot.csproj", "{C27238FE-4F74-5909-4CE7-4224D8FCAC17}"
EndProject
Project("{2150E333-8FDC-42A3-9474-1A3956D46DE8}") = "test", "test", "{A006E67C-46FA-76C0-CFE1-9E6A96FD7002}"
EndProject
Project("{FAE04EC0-301F-11D3-BF4B-00C04F79EFBC}") = "ec2spot.Tests", "data\aws-lambda-developer-guide-main\sample-apps\ec2-spot\test\ec2spot.Tests\ec2spot.Tests.csproj", "{438274D9-AFB3-9E5E-3FF8-F11E3B678A28}"
EndProject
Project("{2150E333-8FDC-42A3-9474-1A3956D46DE8}") = "example-csharp", "example-csharp", "{8D679687-BB06-4933-015E-35482EE386B0}"
EndProject
Project("{2150E333-8FDC-42A3-9474-1A3956D46DE8}") = "ExampleCS", "ExampleCS", "{F1FF5AEE-1B72-64C6-445D-F23A0376DE93}"
EndProject
Project("{2150E333-8FDC-42A3-9474-1A3956D46DE8}") = "src", "src", "{41F71103-AEC6-AE28-10D3-304A48C674DD}"
EndProject
Project("{FAE04EC0-301F-11D3-BF4B-00C04F79EFBC}") = "ExampleCS", "data\aws-lambda-developer-guide-main\sample-apps\example-csharp\ExampleCS\src\ExampleCS\ExampleCS.csproj", "{BDF7F87A-257A-3DDF-243D-B132E3130574}"
EndProject
Project("{2150E333-8FDC-42A3-9474-1A3956D46DE8}") = "test", "test", "{71A711C8-7BCB-CC98-00BF-E602B77A8952}"
EndProject
Project("{FAE04EC0-301F-11D3-BF4B-00C04F79EFBC}") = "ExampleCS.Tests", "data\aws-lambda-developer-guide-main\sample-apps\example-csharp\ExampleCS\test\ExampleCS.Tests\ExampleCS.Tests.csproj", "{29FCC3B3-C5AD-0830-5F29-8FF448EAF2CC}"
EndProject
Global
	GlobalSection(SolutionConfigurationPlatforms) = preSolution
		Debug|Any CPU = Debug|Any CPU
		Release|Any CPU = Release|Any CPU
	EndGlobalSection
	GlobalSection(ProjectConfigurationPlatforms) = postSolution
		{6571BAC7-40A3-75F8-5CDE-155DCB83ADC0}.Debug|Any CPU.ActiveCfg = Debug|Any CPU
		{6571BAC7-40A3-75F8-5CDE-155DCB83ADC0}.Debug|Any CPU.Build.0 = Debug|Any CPU
		{6571BAC7-40A3-75F8-5CDE-155DCB83ADC0}.Release|Any CPU.ActiveCfg = Release|Any CPU
		{6571BAC7-40A3-75F8-5CDE-155DCB83ADC0}.Release|Any CPU.Build.0 = Release|Any CPU
		{7CE3C6D2-84C3-1777-C30C-7C7779DE1062}.Debug|Any CPU.ActiveCfg = Debug|Any CPU
		{7CE3C6D2-84C3-1777-C30C-7C7779DE1062}.Debug|Any CPU.Build.0 = Debug|Any CPU
		{7CE3C6D2-84C3-1777-C30C-7C7779DE1062}.Release|Any CPU.ActiveCfg = Release|Any CPU
		{7CE3C6D2-84C3-1777-C30C-7C7779DE1062}.Release|Any CPU.Build.0 = Release|Any CPU
		{87402E71-B56C-9284-23E1-8CA1B9AC9D85}.Debug|Any CPU.ActiveCfg = Debug|Any CPU
		{87402E71-B56C-9284-23E1-8CA1B9AC9D85}.Debug|Any CPU.Build.0 = Debug|Any CPU
		{87402E71-B56C-9284-23E1-8CA1B9AC9D85}.Release|Any CPU.ActiveCfg = Release|Any CPU
		{87402E71-B56C-9284-23E1-8CA1B9AC9D85}.Release|Any CPU.Build.0 = Release|Any CPU
		{60DF8E86-8FF6-527F-33BB-C610EAE9D565}.Debug|Any CPU.ActiveCfg = Debug|Any CPU
		{60DF8E86-8FF6-527F-33BB-C610EAE9D565}.Debug|Any CPU.Build.0 = Debug|Any CPU
		{60DF8E86-8FF6-527F-33BB-C610EAE9D565}.Release|Any CPU.ActiveCfg = Release|Any CPU
		{60DF8E86-8FF6-527F-33BB-C610EAE9D565}.Release|Any CPU.Build.0 = Release|Any CPU
		{C27238FE-4F74-5909-4CE7-4224D8FCAC17}.Debug|Any CPU.ActiveCfg = Debug|Any CPU
		{C27238FE-4F74-5909-4CE7-4224D8FCAC17}.Debug|Any CPU.Build.0 = Debug|Any CPU
		{C27238FE-4F74-5909-4CE7-4224D8FCAC17}.Release|Any CPU.ActiveCfg = Release|Any CPU
		{C27238FE-4F74-5909-4CE7-4224D8FCAC17}.Release|Any CPU.Build.0 = Release|Any CPU
		{438274D9-AFB3-9E5E-3FF8-F11E3B678A28}.Debug|Any CPU.ActiveCfg = Debug|Any CPU
		{438274D9-AFB3-9E5E-3FF8-F11E3B678A28}.Debug|Any CPU.Build.0 = Debug|Any CPU
		{438274D9-AFB3-9E5E-3FF8-F11E3B678A28}.Release|Any CPU.ActiveCfg = Release|Any CPU
		{438274D9-AFB3-9E5E-3FF8-F11E3B678A28}.Release|Any CPU.Build.0 = Release|Any CPU
		{BDF7F87A-257A-3DDF-243D-B132E3130574}.Debug|Any CPU.ActiveCfg = Debug|Any CPU
		{BDF7F87A-257A-3DDF-243D-B132E3130574}.Debug|Any CPU.Build.0 = Debug|Any CPU
		{BDF7F87A-257A-3DDF-243D-B132E3130574}.Release|Any CPU.ActiveCfg = Release|Any CPU
		{BDF7F87A-257A-3DDF-243D-B132E3130574}.Release|Any CPU.Build.0 = Release|Any CPU
		{29FCC3B3-C5AD-0830-5F29-8FF448EAF2CC}.Debug|Any CPU.ActiveCfg = Debug|Any CPU
		{29FCC3B3-C5AD-0830-5F29-8FF448EAF2CC}.Debug|Any CPU.Build.0 = Debug|Any CPU
		{29FCC3B3-C5AD-0830-5F29-8FF448EAF2CC}.Release|Any CPU.ActiveCfg = Release|Any CPU
		{29FCC3B3-C5AD-0830-5F29-8FF448EAF2CC}.Release|Any CPU.Build.0 = Release|Any CPU
	EndGlobalSection
	GlobalSection(SolutionProperties) = preSolution
		HideSolutionNode = FALSE
	EndGlobalSection
	GlobalSection(NestedProjects) = preSolution
		{D02B00E7-9FB8-DC4E-E4A7-7CE914CB2EF4} = {015FE221-96B2-289B-A0E8-6E7354784A75}
		{156ECDB0-5EA1-FE08-10B8-FA3BFD35EB64} = {D02B00E7-9FB8-DC4E-E4A7-7CE914CB2EF4}
		{9D23A711-437E-1F0E-1733-95341FCB2583} = {156ECDB0-5EA1-FE08-10B8-FA3BFD35EB64}
		{B2A91749-207F-3830-5CB2-9E096AEDAD75} = {9D23A711-437E-1F0E-1733-95341FCB2583}
		{6571BAC7-40A3-75F8-5CDE-155DCB83ADC0} = {B2A91749-207F-3830-5CB2-9E096AEDAD75}
		{66804B23-D90B-DE55-2460-1309FF40F37B} = {9D23A711-437E-1F0E-1733-95341FCB2583}
		{7CE3C6D2-84C3-1777-C30C-7C7779DE1062} = {66804B23-D90B-DE55-2460-1309FF40F37B}
		{251B465B-8535-0FBC-6248-0EC1A8424577} = {156ECDB0-5EA1-FE08-10B8-FA3BFD35EB64}
		{01305DA2-0EA2-C33F-A061-D3D9EB5E2383} = {251B465B-8535-0FBC-6248-0EC1A8424577}
		{87402E71-B56C-9284-23E1-8CA1B9AC9D85} = {01305DA2-0EA2-C33F-A061-D3D9EB5E2383}
		{B9AFB1A0-CBC4-4C77-4FE4-BBD199BEA420} = {251B465B-8535-0FBC-6248-0EC1A8424577}
		{60DF8E86-8FF6-527F-33BB-C610EAE9D565} = {B9AFB1A0-CBC4-4C77-4FE4-BBD199BEA420}
		{9768DF71-57B7-0187-9393-5D62D2225AFF} = {156ECDB0-5EA1-FE08-10B8-FA3BFD35EB64}
		{735F480E-0A94-065B-FBE8-AFA5BCE0845D} = {9768DF71-57B7-0187-9393-5D62D2225AFF}
		{C27238FE-4F74-5909-4CE7-4224D8FCAC17} = {735F480E-0A94-065B-FBE8-AFA5BCE0845D}
		{A006E67C-46FA-76C0-CFE1-9E6A96FD7002} = {9768DF71-57B7-0187-9393-5D62D2225AFF}
		{438274D9-AFB3-9E5E-3FF8-F11E3B678A28} = {A006E67C-46FA-76C0-CFE1-9E6A96FD7002}
		{8D679687-BB06-4933-015E-35482EE386B0} = {156ECDB0-5EA1-FE08-10B8-FA3BFD35EB64}
		{F1FF5AEE-1B72-64C6-445D-F23A0376DE93} = {8D679687-BB06-4933-015E-35482EE386B0}
		{41F71103-AEC6-AE28-10D3-304A48C674DD} = {F1FF5AEE-1B72-64C6-445D-F23A0376DE93}
		{BDF7F87A-257A-3DDF-243D-B132E3130574} = {41F71103-AEC6-AE28-10D3-304A48C674DD}
		{71A711C8-7BCB-CC98-00BF-E602B77A8952} = {F1FF5AEE-1B72-64C6-445D-F23A0376DE93}
		{29FCC3B3-C5AD-0830-5F29-8FF448EAF2CC} = {71A711C8-7BCB-CC98-00BF-E602B77A8952}
	EndGlobalSection
	GlobalSection(ExtensibilityGlobals) = postSolution
		SolutionGuid = {42467C22-D505-454F-A2AA-3AB06CA5DB17}
	EndGlobalSection
EndGlobal
